
Microsoft Visual Studio Solution File, Format Version 12.00
# Visual Studio Version 17
VisualStudioVersion = 17.4.33213.308
MinimumVisualStudioVersion = 10.0.40219.1
Project("{FAE04EC0-301F-11D3-BF4B-00C04F79EFBC}") = "AnuSrii", "AnuSrii\AnuSrii.csproj", "{1AE04998-5452-40F2-9F97-A9D058B83A6E}"
EndProject
Global
	GlobalSection(SolutionConfigurationPlatforms) = preSolution
		Debug|Any CPU = Debug|Any CPU
		Release|Any CPU = Release|Any CPU
	EndGlobalSection
	GlobalSection(ProjectConfigurationPlatforms) = postSolution
		{1AE04998-5452-40F2-9F97-A9D058B83A6E}.Debug|Any CPU.ActiveCfg = Debug|Any CPU
		{1AE04998-5452-40F2-9F97-A9D058B83A6E}.Debug|Any CPU.Build.0 = Debug|Any CPU
		{1AE04998-5452-40F2-9F97-A9D058B83A6E}.Release|Any CPU.ActiveCfg = Release|Any CPU
		{1AE04998-5452-40F2-9F97-A9D058B83A6E}.Release|Any CPU.Build.0 = Release|Any CPU
	EndGlobalSection
	GlobalSection(SolutionProperties) = preSolution
		HideSolutionNode = FALSE
	EndGlobalSection
	GlobalSection(ExtensibilityGlobals) = postSolution
		SolutionGuid = {ED4979E0-A295-4595-9EC8-2F5CB335E699}
	EndGlobalSection
EndGlobal
